
Microsoft Visual Studio Solution File, Format Version 12.00
# Visual Studio Version 16
VisualStudioVersion = 16.0.29201.188
MinimumVisualStudioVersion = 10.0.40219.1
Project("{FAE04EC0-301F-11D3-BF4B-00C04F79EFBC}") = "WCF_REST.Host", "WCF_REST.Host\WCF_REST.Host.csproj", "{FD89C83C-705C-43A0-B7A9-64771DCCC9DD}"
EndProject
Global
	GlobalSection(SolutionConfigurationPlatforms) = preSolution
		Debug|Any CPU = Debug|Any CPU
		Release|Any CPU = Release|Any CPU
	EndGlobalSection
	GlobalSection(ProjectConfigurationPlatforms) = postSolution
		{FD89C83C-705C-43A0-B7A9-64771DCCC9DD}.Debug|Any CPU.ActiveCfg = Debug|Any CPU
		{FD89C83C-705C-43A0-B7A9-64771DCCC9DD}.Debug|Any CPU.Build.0 = Debug|Any CPU
		{FD89C83C-705C-43A0-B7A9-64771DCCC9DD}.Release|Any CPU.ActiveCfg = Release|Any CPU
		{FD89C83C-705C-43A0-B7A9-64771DCCC9DD}.Release|Any CPU.Build.0 = Release|Any CPU
	EndGlobalSection
	GlobalSection(SolutionProperties) = preSolution
		HideSolutionNode = FALSE
	EndGlobalSection
	GlobalSection(ExtensibilityGlobals) = postSolution
		SolutionGuid = {F02BD3D1-2025-4A8F-AEDD-53D0FD620F98}
	EndGlobalSection
EndGlobal
