
Microsoft Visual Studio Solution File, Format Version 12.00
# Visual Studio Version 16
VisualStudioVersion = 16.0.29201.188
MinimumVisualStudioVersion = 10.0.40219.1
Project("{FAE04EC0-301F-11D3-BF4B-00C04F79EFBC}") = "HalloWeb_REST", "HalloWeb_REST\HalloWeb_REST.csproj", "{457BB565-8D0E-4E8E-B5F1-8CAA0E597FD9}"
EndProject
Global
	GlobalSection(SolutionConfigurationPlatforms) = preSolution
		Debug|Any CPU = Debug|Any CPU
		Release|Any CPU = Release|Any CPU
	EndGlobalSection
	GlobalSection(ProjectConfigurationPlatforms) = postSolution
		{457BB565-8D0E-4E8E-B5F1-8CAA0E597FD9}.Debug|Any CPU.ActiveCfg = Debug|Any CPU
		{457BB565-8D0E-4E8E-B5F1-8CAA0E597FD9}.Debug|Any CPU.Build.0 = Debug|Any CPU
		{457BB565-8D0E-4E8E-B5F1-8CAA0E597FD9}.Release|Any CPU.ActiveCfg = Release|Any CPU
		{457BB565-8D0E-4E8E-B5F1-8CAA0E597FD9}.Release|Any CPU.Build.0 = Release|Any CPU
	EndGlobalSection
	GlobalSection(SolutionProperties) = preSolution
		HideSolutionNode = FALSE
	EndGlobalSection
	GlobalSection(ExtensibilityGlobals) = postSolution
		SolutionGuid = {1852AFE3-F44D-4FA1-9283-B7FB9081A2D3}
	EndGlobalSection
EndGlobal
